
Microsoft Visual Studio Solution File, Format Version 12.00
# Visual Studio Version 17
VisualStudioVersion = 17.4.33213.308
MinimumVisualStudioVersion = 10.0.40219.1
Project("{FAE04EC0-301F-11D3-BF4B-00C04F79EFBC}") = "Projetos-Curso-CSharp", "Projetos-Curso-CSharp\Projetos-Curso-CSharp.csproj", "{54985B58-1DEE-42F6-8B6A-2168951CAB91}"
EndProject
Global
	GlobalSection(SolutionConfigurationPlatforms) = preSolution
		Debug|Any CPU = Debug|Any CPU
		Release|Any CPU = Release|Any CPU
	EndGlobalSection
	GlobalSection(ProjectConfigurationPlatforms) = postSolution
		{54985B58-1DEE-42F6-8B6A-2168951CAB91}.Debug|Any CPU.ActiveCfg = Debug|Any CPU
		{54985B58-1DEE-42F6-8B6A-2168951CAB91}.Debug|Any CPU.Build.0 = Debug|Any CPU
		{54985B58-1DEE-42F6-8B6A-2168951CAB91}.Release|Any CPU.ActiveCfg = Release|Any CPU
		{54985B58-1DEE-42F6-8B6A-2168951CAB91}.Release|Any CPU.Build.0 = Release|Any CPU
	EndGlobalSection
	GlobalSection(SolutionProperties) = preSolution
		HideSolutionNode = FALSE
	EndGlobalSection
	GlobalSection(ExtensibilityGlobals) = postSolution
		SolutionGuid = {39A5B193-F4C5-4015-A276-50E84389CD2B}
	EndGlobalSection
EndGlobal
